
Microsoft Visual Studio Solution File, Format Version 12.00
# Visual Studio Version 17
VisualStudioVersion = 17.9.34728.123
MinimumVisualStudioVersion = 10.0.40219.1
Project("{FAE04EC0-301F-11D3-BF4B-00C04F79EFBC}") = "Reductio & Absurdum", "Reductio & Absurdum.csproj", "{CE679C3D-A005-4378-A6D2-3BAD8EB28884}"
EndProject
Global
	GlobalSection(SolutionConfigurationPlatforms) = preSolution
		Debug|Any CPU = Debug|Any CPU
		Release|Any CPU = Release|Any CPU
	EndGlobalSection
	GlobalSection(ProjectConfigurationPlatforms) = postSolution
		{CE679C3D-A005-4378-A6D2-3BAD8EB28884}.Debug|Any CPU.ActiveCfg = Debug|Any CPU
		{CE679C3D-A005-4378-A6D2-3BAD8EB28884}.Debug|Any CPU.Build.0 = Debug|Any CPU
		{CE679C3D-A005-4378-A6D2-3BAD8EB28884}.Release|Any CPU.ActiveCfg = Release|Any CPU
		{CE679C3D-A005-4378-A6D2-3BAD8EB28884}.Release|Any CPU.Build.0 = Release|Any CPU
	EndGlobalSection
	GlobalSection(SolutionProperties) = preSolution
		HideSolutionNode = FALSE
	EndGlobalSection
	GlobalSection(ExtensibilityGlobals) = postSolution
		SolutionGuid = {8676A827-861D-46EB-BAB9-EA69297C8F8B}
	EndGlobalSection
EndGlobal
